// !$*UTF8*$!
{
	archiveVersion = 1;
	classes = {
	};
	objectVersion = 56;
	objects = {

/* Begin PBXBuildFile section */
		E083D4A02D0C735E00B6DB44 /* KomApp.swift in Sources */ = {isa = PBXBuildFile; fileRef = E083D49F2D0C735E00B6DB44 /* KomApp.swift */; };
		E083D4A22D0C735E00B6DB44 /* ContentView.swift in Sources */ = {isa = PBXBuildFile; fileRef = E083D4A12D0C735E00B6DB44 /* ContentView.swift */; };
		E083D4A42D0C736000B6DB44 /* Assets.xcassets in Resources */ = {isa = PBXBuildFile; fileRef = E083D4A32D0C736000B6DB44 /* Assets.xcassets */; };
		E083D4A72D0C736000B6DB44 /* Preview Assets.xcassets in Resources */ = {isa = PBXBuildFile; fileRef = E083D4A62D0C736000B6DB44 /* Preview Assets.xcassets */; };
		E083D4A92D0C736000B6DB44 /* Persistence.swift in Sources */ = {isa = PBXBuildFile; fileRef = E083D4A82D0C736000B6DB44 /* Persistence.swift */; };
		E083D4AC2D0C736000B6DB44 /* Kom.xcdatamodeld in Sources */ = {isa = PBXBuildFile; fileRef = E083D4AA2D0C736000B6DB44 /* Kom.xcdatamodeld */; };
		E083D4B62D0C736000B6DB44 /* KomTests.swift in Sources */ = {isa = PBXBuildFile; fileRef = E083D4B52D0C736000B6DB44 /* KomTests.swift */; };
		E083D4C02D0C736000B6DB44 /* KomUITests.swift in Sources */ = {isa = PBXBuildFile; fileRef = E083D4BF2D0C736000B6DB44 /* KomUITests.swift */; };
		E083D4C22D0C736000B6DB44 /* KomUITestsLaunchTests.swift in Sources */ = {isa = PBXBuildFile; fileRef = E083D4C12D0C736000B6DB44 /* KomUITestsLaunchTests.swift */; };
		E083D4CF2D0C74E000B6DB44 /* LoginView.swift in Sources */ = {isa = PBXBuildFile; fileRef = E083D4CE2D0C74E000B6DB44 /* LoginView.swift */; };
		E083D4D12D0C750300B6DB44 /* SignUpView.swift in Sources */ = {isa = PBXBuildFile; fileRef = E083D4D02D0C750300B6DB44 /* SignUpView.swift */; };
		E083D4D32D0C752F00B6DB44 /* AuthViewModel.swift in Sources */ = {isa = PBXBuildFile; fileRef = E083D4D22D0C752F00B6DB44 /* AuthViewModel.swift */; };
		E083D4D52D0C78C000B6DB44 /* HomeView.swift in Sources */ = {isa = PBXBuildFile; fileRef = E083D4D42D0C78C000B6DB44 /* HomeView.swift */; };
/* End PBXBuildFile section */

/* Begin PBXContainerItemProxy section */
		E083D4B22D0C736000B6DB44 /* PBXContainerItemProxy */ = {
			isa = PBXContainerItemProxy;
			containerPortal = E083D4942D0C735E00B6DB44 /* Project object */;
			proxyType = 1;
			remoteGlobalIDString = E083D49B2D0C735E00B6DB44;
			remoteInfo = Kom;
		};
		E083D4BC2D0C736000B6DB44 /* PBXContainerItemProxy */ = {
			isa = PBXContainerItemProxy;
			containerPortal = E083D4942D0C735E00B6DB44 /* Project object */;
			proxyType = 1;
			remoteGlobalIDString = E083D49B2D0C735E00B6DB44;
			remoteInfo = Kom;
		};
/* End PBXContainerItemProxy section */

/* Begin PBXFileReference section */
		E083D49C2D0C735E00B6DB44 /* Kom.app */ = {isa = PBXFileReference; explicitFileType = wrapper.application; includeInIndex = 0; path = Kom.app; sourceTree = BUILT_PRODUCTS_DIR; };
		E083D49F2D0C735E00B6DB44 /* KomApp.swift */ = {isa = PBXFileReference; lastKnownFileType = sourcecode.swift; path = KomApp.swift; sourceTree = "<group>"; };
		E083D4A12D0C735E00B6DB44 /* ContentView.swift */ = {isa = PBXFileReference; lastKnownFileType = sourcecode.swift; path = ContentView.swift; sourceTree = "<group>"; };
		E083D4A32D0C736000B6DB44 /* Assets.xcassets */ = {isa = PBXFileReference; lastKnownFileType = folder.assetcatalog; path = Assets.xcassets; sourceTree = "<group>"; };
		E083D4A62D0C736000B6DB44 /* Preview Assets.xcassets */ = {isa = PBXFileReference; lastKnownFileType = folder.assetcatalog; path = "Preview Assets.xcassets"; sourceTree = "<group>"; };
		E083D4A82D0C736000B6DB44 /* Persistence.swift */ = {isa = PBXFileReference; lastKnownFileType = sourcecode.swift; path = Persistence.swift; sourceTree = "<group>"; };
		E083D4AB2D0C736000B6DB44 /* Kom.xcdatamodel */ = {isa = PBXFileReference; lastKnownFileType = wrapper.xcdatamodel; path = Kom.xcdatamodel; sourceTree = "<group>"; };
		E083D4B12D0C736000B6DB44 /* KomTests.xctest */ = {isa = PBXFileReference; explicitFileType = wrapper.cfbundle; includeInIndex = 0; path = KomTests.xctest; sourceTree = BUILT_PRODUCTS_DIR; };
		E083D4B52D0C736000B6DB44 /* KomTests.swift */ = {isa = PBXFileReference; lastKnownFileType = sourcecode.swift; path = KomTests.swift; sourceTree = "<group>"; };
		E083D4BB2D0C736000B6DB44 /* KomUITests.xctest */ = {isa = PBXFileReference; explicitFileType = wrapper.cfbundle; includeInIndex = 0; path = KomUITests.xctest; sourceTree = BUILT_PRODUCTS_DIR; };
		E083D4BF2D0C736000B6DB44 /* KomUITests.swift */ = {isa = PBXFileReference; lastKnownFileType = sourcecode.swift; path = KomUITests.swift; sourceTree = "<group>"; };
		E083D4C12D0C736000B6DB44 /* KomUITestsLaunchTests.swift */ = {isa = PBXFileReference; lastKnownFileType = sourcecode.swift; path = KomUITestsLaunchTests.swift; sourceTree = "<group>"; };
		E083D4CE2D0C74E000B6DB44 /* LoginView.swift */ = {isa = PBXFileReference; lastKnownFileType = sourcecode.swift; path = LoginView.swift; sourceTree = "<group>"; };
		E083D4D02D0C750300B6DB44 /* SignUpView.swift */ = {isa = PBXFileReference; lastKnownFileType = sourcecode.swift; path = SignUpView.swift; sourceTree = "<group>"; };
		E083D4D22D0C752F00B6DB44 /* AuthViewModel.swift */ = {isa = PBXFileReference; lastKnownFileType = sourcecode.swift; path = AuthViewModel.swift; sourceTree = "<group>"; };
		E083D4D42D0C78C000B6DB44 /* HomeView.swift */ = {isa = PBXFileReference; lastKnownFileType = sourcecode.swift; path = HomeView.swift; sourceTree = "<group>"; };
/* End PBXFileReference section */

/* Begin PBXFrameworksBuildPhase section */
		E083D4992D0C735E00B6DB44 /* Frameworks */ = {
			isa = PBXFrameworksBuildPhase;
			buildActionMask = 2147483647;
			files = (
			);
			runOnlyForDeploymentPostprocessing = 0;
		};
		E083D4AE2D0C736000B6DB44 /* Frameworks */ = {
			isa = PBXFrameworksBuildPhase;
			buildActionMask = 2147483647;
			files = (
			);
			runOnlyForDeploymentPostprocessing = 0;
		};
		E083D4B82D0C736000B6DB44 /* Frameworks */ = {
			isa = PBXFrameworksBuildPhase;
			buildActionMask = 2147483647;
			files = (
			);
			runOnlyForDeploymentPostprocessing = 0;
		};
/* End PBXFrameworksBuildPhase section */

/* Begin PBXGroup section */
		E083D4932D0C735E00B6DB44 = {
			isa = PBXGroup;
			children = (
				E083D49E2D0C735E00B6DB44 /* Kom */,
				E083D4B42D0C736000B6DB44 /* KomTests */,
				E083D4BE2D0C736000B6DB44 /* KomUITests */,
				E083D49D2D0C735E00B6DB44 /* Products */,
			);
			sourceTree = "<group>";
		};
		E083D49D2D0C735E00B6DB44 /* Products */ = {
			isa = PBXGroup;
			children = (
				E083D49C2D0C735E00B6DB44 /* Kom.app */,
				E083D4B12D0C736000B6DB44 /* KomTests.xctest */,
				E083D4BB2D0C736000B6DB44 /* KomUITests.xctest */,
			);
			name = Products;
			sourceTree = "<group>";
		};
		E083D49E2D0C735E00B6DB44 /* Kom */ = {
			isa = PBXGroup;
			children = (
				E083D4A12D0C735E00B6DB44 /* ContentView.swift */,
				E083D49F2D0C735E00B6DB44 /* KomApp.swift */,
				E083D4CE2D0C74E000B6DB44 /* LoginView.swift */,
				E083D4D02D0C750300B6DB44 /* SignUpView.swift */,
				E083D4A82D0C736000B6DB44 /* Persistence.swift */,
				E083D4D22D0C752F00B6DB44 /* AuthViewModel.swift */,
				E083D4D42D0C78C000B6DB44 /* HomeView.swift */,
				E083D4A32D0C736000B6DB44 /* Assets.xcassets */,
				E083D4AA2D0C736000B6DB44 /* Kom.xcdatamodeld */,
				E083D4A52D0C736000B6DB44 /* Preview Content */,
			);
			path = Kom;
			sourceTree = "<group>";
		};
		E083D4A52D0C736000B6DB44 /* Preview Content */ = {
			isa = PBXGroup;
			children = (
				E083D4A62D0C736000B6DB44 /* Preview Assets.xcassets */,
			);
			path = "Preview Content";
			sourceTree = "<group>";
		};
		E083D4B42D0C736000B6DB44 /* KomTests */ = {
			isa = PBXGroup;
			children = (
				E083D4B52D0C736000B6DB44 /* KomTests.swift */,
			);
			path = KomTests;
			sourceTree = "<group>";
		};
		E083D4BE2D0C736000B6DB44 /* KomUITests */ = {
			isa = PBXGroup;
			children = (
				E083D4BF2D0C736000B6DB44 /* KomUITests.swift */,
				E083D4C12D0C736000B6DB44 /* KomUITestsLaunchTests.swift */,
			);
			path = KomUITests;
			sourceTree = "<group>";
		};
/* End PBXGroup section */

/* Begin PBXNativeTarget section */
		E083D49B2D0C735E00B6DB44 /* Kom */ = {
			isa = PBXNativeTarget;
			buildConfigurationList = E083D4C52D0C736000B6DB44 /* Build configuration list for PBXNativeTarget "Kom" */;
			buildPhases = (
				E083D4982D0C735E00B6DB44 /* Sources */,
				E083D4992D0C735E00B6DB44 /* Frameworks */,
				E083D49A2D0C735E00B6DB44 /* Resources */,
			);
			buildRules = (
			);
			dependencies = (
			);
			name = Kom;
			productName = Kom;
			productReference = E083D49C2D0C735E00B6DB44 /* Kom.app */;
			productType = "com.apple.product-type.application";
		};
		E083D4B02D0C736000B6DB44 /* KomTests */ = {
			isa = PBXNativeTarget;
			buildConfigurationList = E083D4C82D0C736000B6DB44 /* Build configuration list for PBXNativeTarget "KomTests" */;
			buildPhases = (
				E083D4AD2D0C736000B6DB44 /* Sources */,
				E083D4AE2D0C736000B6DB44 /* Frameworks */,
				E083D4AF2D0C736000B6DB44 /* Resources */,
			);
			buildRules = (
			);
			dependencies = (
				E083D4B32D0C736000B6DB44 /* PBXTargetDependency */,
			);
			name = KomTests;
			productName = KomTests;
			productReference = E083D4B12D0C736000B6DB44 /* KomTests.xctest */;
			productType = "com.apple.product-type.bundle.unit-test";
		};
		E083D4BA2D0C736000B6DB44 /* KomUITests */ = {
			isa = PBXNativeTarget;
			buildConfigurationList = E083D4CB2D0C736000B6DB44 /* Build configuration list for PBXNativeTarget "KomUITests" */;
			buildPhases = (
				E083D4B72D0C736000B6DB44 /* Sources */,
				E083D4B82D0C736000B6DB44 /* Frameworks */,
				E083D4B92D0C736000B6DB44 /* Resources */,
			);
			buildRules = (
			);
			dependencies = (
				E083D4BD2D0C736000B6DB44 /* PBXTargetDependency */,
			);
			name = KomUITests;
			productName = KomUITests;
			productReference = E083D4BB2D0C736000B6DB44 /* KomUITests.xctest */;
			productType = "com.apple.product-type.bundle.ui-testing";
		};
/* End PBXNativeTarget section */

/* Begin PBXProject section */
		E083D4942D0C735E00B6DB44 /* Project object */ = {
			isa = PBXProject;
			attributes = {
				BuildIndependentTargetsInParallel = 1;
				LastSwiftUpdateCheck = 1520;
				LastUpgradeCheck = 1520;
				TargetAttributes = {
					E083D49B2D0C735E00B6DB44 = {
						CreatedOnToolsVersion = 15.2;
					};
					E083D4B02D0C736000B6DB44 = {
						CreatedOnToolsVersion = 15.2;
						TestTargetID = E083D49B2D0C735E00B6DB44;
					};
					E083D4BA2D0C736000B6DB44 = {
						CreatedOnToolsVersion = 15.2;
						TestTargetID = E083D49B2D0C735E00B6DB44;
					};
				};
			};
			buildConfigurationList = E083D4972D0C735E00B6DB44 /* Build configuration list for PBXProject "Kom" */;
			compatibilityVersion = "Xcode 14.0";
			developmentRegion = en;
			hasScannedForEncodings = 0;
			knownRegions = (
				en,
				Base,
			);
			mainGroup = E083D4932D0C735E00B6DB44;
			productRefGroup = E083D49D2D0C735E00B6DB44 /* Products */;
			projectDirPath = "";
			projectRoot = "";
			targets = (
				E083D49B2D0C735E00B6DB44 /* Kom */,
				E083D4B02D0C736000B6DB44 /* KomTests */,
				E083D4BA2D0C736000B6DB44 /* KomUITests */,
			);
		};
/* End PBXProject section */

/* Begin PBXResourcesBuildPhase section */
		E083D49A2D0C735E00B6DB44 /* Resources */ = {
			isa = PBXResourcesBuildPhase;
			buildActionMask = 2147483647;
			files = (
				E083D4A72D0C736000B6DB44 /* Preview Assets.xcassets in Resources */,
				E083D4A42D0C736000B6DB44 /* Assets.xcassets in Resources */,
			);
			runOnlyForDeploymentPostprocessing = 0;
		};
		E083D4AF2D0C736000B6DB44 /* Resources */ = {
			isa = PBXResourcesBuildPhase;
			buildActionMask = 2147483647;
			files = (
			);
			runOnlyForDeploymentPostprocessing = 0;
		};
		E083D4B92D0C736000B6DB44 /* Resources */ = {
			isa = PBXResourcesBuildPhase;
			buildActionMask = 2147483647;
			files = (
			);
			runOnlyForDeploymentPostprocessing = 0;
		};
/* End PBXResourcesBuildPhase section */

/* Begin PBXSourcesBuildPhase section */
		E083D4982D0C735E00B6DB44 /* Sources */ = {
			isa = PBXSourcesBuildPhase;
			buildActionMask = 2147483647;
			files = (
				E083D4A92D0C736000B6DB44 /* Persistence.swift in Sources */,
				E083D4A22D0C735E00B6DB44 /* ContentView.swift in Sources */,
				E083D4A02D0C735E00B6DB44 /* KomApp.swift in Sources */,
				E083D4D32D0C752F00B6DB44 /* AuthViewModel.swift in Sources */,
				E083D4CF2D0C74E000B6DB44 /* LoginView.swift in Sources */,
				E083D4D52D0C78C000B6DB44 /* HomeView.swift in Sources */,
				E083D4D12D0C750300B6DB44 /* SignUpView.swift in Sources */,
				E083D4AC2D0C736000B6DB44 /* Kom.xcdatamodeld in Sources */,
			);
			runOnlyForDeploymentPostprocessing = 0;
		};
		E083D4AD2D0C736000B6DB44 /* Sources */ = {
			isa = PBXSourcesBuildPhase;
			buildActionMask = 2147483647;
			files = (
				E083D4B62D0C736000B6DB44 /* KomTests.swift in Sources */,
			);
			runOnlyForDeploymentPostprocessing = 0;
		};
		E083D4B72D0C736000B6DB44 /* Sources */ = {
			isa = PBXSourcesBuildPhase;
			buildActionMask = 2147483647;
			files = (
				E083D4C22D0C736000B6DB44 /* KomUITestsLaunchTests.swift in Sources */,
				E083D4C02D0C736000B6DB44 /* KomUITests.swift in Sources */,
			);
			runOnlyForDeploymentPostprocessing = 0;
		};
/* End PBXSourcesBuildPhase section */

/* Begin PBXTargetDependency section */
		E083D4B32D0C736000B6DB44 /* PBXTargetDependency */ = {
			isa = PBXTargetDependency;
			target = E083D49B2D0C735E00B6DB44 /* Kom */;
			targetProxy = E083D4B22D0C736000B6DB44 /* PBXContainerItemProxy */;
		};
		E083D4BD2D0C736000B6DB44 /* PBXTargetDependency */ = {
			isa = PBXTargetDependency;
			target = E083D49B2D0C735E00B6DB44 /* Kom */;
			targetProxy = E083D4BC2D0C736000B6DB44 /* PBXContainerItemProxy */;
		};
/* End PBXTargetDependency section */

/* Begin XCBuildConfiguration section */
		E083D4C32D0C736000B6DB44 /* Debug */ = {
			isa = XCBuildConfiguration;
			buildSettings = {
				ALWAYS_SEARCH_USER_PATHS = NO;
				ASSETCATALOG_COMPILER_GENERATE_SWIFT_ASSET_SYMBOL_EXTENSIONS = YES;
				CLANG_ANALYZER_NONNULL = YES;
				CLANG_ANALYZER_NUMBER_OBJECT_CONVERSION = YES_AGGRESSIVE;
				CLANG_CXX_LANGUAGE_STANDARD = "gnu++20";
				CLANG_ENABLE_MODULES = YES;
				CLANG_ENABLE_OBJC_ARC = YES;
				CLANG_ENABLE_OBJC_WEAK = YES;
				CLANG_WARN_BLOCK_CAPTURE_AUTORELEASING = YES;
				CLANG_WARN_BOOL_CONVERSION = YES;
				CLANG_WARN_COMMA = YES;
				CLANG_WARN_CONSTANT_CONVERSION = YES;
				CLANG_WARN_DEPRECATED_OBJC_IMPLEMENTATIONS = YES;
				CLANG_WARN_DIRECT_OBJC_ISA_USAGE = YES_ERROR;
				CLANG_WARN_DOCUMENTATION_COMMENTS = YES;
				CLANG_WARN_EMPTY_BODY = YES;
				CLANG_WARN_ENUM_CONVERSION = YES;
				CLANG_WARN_INFINITE_RECURSION = YES;
				CLANG_WARN_INT_CONVERSION = YES;
				CLANG_WARN_NON_LITERAL_NULL_CONVERSION = YES;
				CLANG_WARN_OBJC_IMPLICIT_RETAIN_SELF = YES;
				CLANG_WARN_OBJC_LITERAL_CONVERSION = YES;
				CLANG_WARN_OBJC_ROOT_CLASS = YES_ERROR;
				CLANG_WARN_QUOTED_INCLUDE_IN_FRAMEWORK_HEADER = YES;
				CLANG_WARN_RANGE_LOOP_ANALYSIS = YES;
				CLANG_WARN_STRICT_PROTOTYPES = YES;
				CLANG_WARN_SUSPICIOUS_MOVE = YES;
				CLANG_WARN_UNGUARDED_AVAILABILITY = YES_AGGRESSIVE;
				CLANG_WARN_UNREACHABLE_CODE = YES;
				CLANG_WARN__DUPLICATE_METHOD_MATCH = YES;
				COPY_PHASE_STRIP = NO;
				DEBUG_INFORMATION_FORMAT = dwarf;
				ENABLE_STRICT_OBJC_MSGSEND = YES;
				ENABLE_TESTABILITY = YES;
				ENABLE_USER_SCRIPT_SANDBOXING = YES;
				GCC_C_LANGUAGE_STANDARD = gnu17;
				GCC_DYNAMIC_NO_PIC = NO;
				GCC_NO_COMMON_BLOCKS = YES;
				GCC_OPTIMIZATION_LEVEL = 0;
				GCC_PREPROCESSOR_DEFINITIONS = (
					"DEBUG=1",
					"$(inherited)",
				);
				GCC_WARN_64_TO_32_BIT_CONVERSION = YES;
				GCC_WARN_ABOUT_RETURN_TYPE = YES_ERROR;
				GCC_WARN_UNDECLARED_SELECTOR = YES;
				GCC_WARN_UNINITIALIZED_AUTOS = YES_AGGRESSIVE;
				GCC_WARN_UNUSED_FUNCTION = YES;
				GCC_WARN_UNUSED_VARIABLE = YES;
				IPHONEOS_DEPLOYMENT_TARGET = 17.2;
				LOCALIZATION_PREFERS_STRING_CATALOGS = YES;
				MTL_ENABLE_DEBUG_INFO = INCLUDE_SOURCE;
				MTL_FAST_MATH = YES;
				ONLY_ACTIVE_ARCH = YES;
				SDKROOT = iphoneos;
				SWIFT_ACTIVE_COMPILATION_CONDITIONS = "DEBUG $(inherited)";
				SWIFT_OPTIMIZATION_LEVEL = "-Onone";
			};
			name = Debug;
		};
		E083D4C42D0C736000B6DB44 /* Release */ = {
			isa = XCBuildConfiguration;
			buildSettings = {
				ALWAYS_SEARCH_USER_PATHS = NO;
				ASSETCATALOG_COMPILER_GENERATE_SWIFT_ASSET_SYMBOL_EXTENSIONS = YES;
				CLANG_ANALYZER_NONNULL = YES;
				CLANG_ANALYZER_NUMBER_OBJECT_CONVERSION = YES_AGGRESSIVE;
				CLANG_CXX_LANGUAGE_STANDARD = "gnu++20";
				CLANG_ENABLE_MODULES = YES;
				CLANG_ENABLE_OBJC_ARC = YES;
				CLANG_ENABLE_OBJC_WEAK = YES;
				CLANG_WARN_BLOCK_CAPTURE_AUTORELEASING = YES;
				CLANG_WARN_BOOL_CONVERSION = YES;
				CLANG_WARN_COMMA = YES;
				CLANG_WARN_CONSTANT_CONVERSION = YES;
				CLANG_WARN_DEPRECATED_OBJC_IMPLEMENTATIONS = YES;
				CLANG_WARN_DIRECT_OBJC_ISA_USAGE = YES_ERROR;
				CLANG_WARN_DOCUMENTATION_COMMENTS = YES;
				CLANG_WARN_EMPTY_BODY = YES;
				CLANG_WARN_ENUM_CONVERSION = YES;
				CLANG_WARN_INFINITE_RECURSION = YES;
				CLANG_WARN_INT_CONVERSION = YES;
				CLANG_WARN_NON_LITERAL_NULL_CONVERSION = YES;
				CLANG_WARN_OBJC_IMPLICIT_RETAIN_SELF = YES;
				CLANG_WARN_OBJC_LITERAL_CONVERSION = YES;
				CLANG_WARN_OBJC_ROOT_CLASS = YES_ERROR;
				CLANG_WARN_QUOTED_INCLUDE_IN_FRAMEWORK_HEADER = YES;
				CLANG_WARN_RANGE_LOOP_ANALYSIS = YES;
				CLANG_WARN_STRICT_PROTOTYPES = YES;
				CLANG_WARN_SUSPICIOUS_MOVE = YES;
				CLANG_WARN_UNGUARDED_AVAILABILITY = YES_AGGRESSIVE;
				CLANG_WARN_UNREACHABLE_CODE = YES;
				CLANG_WARN__DUPLICATE_METHOD_MATCH = YES;
				COPY_PHASE_STRIP = NO;
				DEBUG_INFORMATION_FORMAT = "dwarf-with-dsym";
				ENABLE_NS_ASSERTIONS = NO;
				ENABLE_STRICT_OBJC_MSGSEND = YES;
				ENABLE_USER_SCRIPT_SANDBOXING = YES;
				GCC_C_LANGUAGE_STANDARD = gnu17;
				GCC_NO_COMMON_BLOCKS = YES;
				GCC_WARN_64_TO_32_BIT_CONVERSION = YES;
				GCC_WARN_ABOUT_RETURN_TYPE = YES_ERROR;
				GCC_WARN_UNDECLARED_SELECTOR = YES;
				GCC_WARN_UNINITIALIZED_AUTOS = YES_AGGRESSIVE;
				GCC_WARN_UNUSED_FUNCTION = YES;
				GCC_WARN_UNUSED_VARIABLE = YES;
				IPHONEOS_DEPLOYMENT_TARGET = 17.2;
				LOCALIZATION_PREFERS_STRING_CATALOGS = YES;
				MTL_ENABLE_DEBUG_INFO = NO;
				MTL_FAST_MATH = YES;
				SDKROOT = iphoneos;
				SWIFT_COMPILATION_MODE = wholemodule;
				VALIDATE_PRODUCT = YES;
			};
			name = Release;
		};
		E083D4C62D0C736000B6DB44 /* Debug */ = {
			isa = XCBuildConfiguration;
			buildSettings = {
				ASSETCATALOG_COMPILER_APPICON_NAME = AppIcon;
				ASSETCATALOG_COMPILER_GLOBAL_ACCENT_COLOR_NAME = AccentColor;
				CODE_SIGN_STYLE = Automatic;
				CURRENT_PROJECT_VERSION = 1;
				DEVELOPMENT_ASSET_PATHS = "\"Kom/Preview Content\"";
				ENABLE_PREVIEWS = YES;
				GENERATE_INFOPLIST_FILE = YES;
				INFOPLIST_KEY_UIApplicationSceneManifest_Generation = YES;
				INFOPLIST_KEY_UIApplicationSupportsIndirectInputEvents = YES;
				INFOPLIST_KEY_UILaunchScreen_Generation = YES;
				INFOPLIST_KEY_UISupportedInterfaceOrientations_iPad = "UIInterfaceOrientationPortrait UIInterfaceOrientationPortraitUpsideDown UIInterfaceOrientationLandscapeLeft UIInterfaceOrientationLandscapeRight";
				INFOPLIST_KEY_UISupportedInterfaceOrientations_iPhone = "UIInterfaceOrientationPortrait UIInterfaceOrientationLandscapeLeft UIInterfaceOrientationLandscapeRight";
				LD_RUNPATH_SEARCH_PATHS = (
					"$(inherited)",
					"@executable_path/Frameworks",
				);
				MARKETING_VERSION = 1.0;
				PRODUCT_BUNDLE_IDENTIFIER = X.Kom;
				PRODUCT_NAME = "$(TARGET_NAME)";
				SWIFT_EMIT_LOC_STRINGS = YES;
				SWIFT_VERSION = 5.0;
				TARGETED_DEVICE_FAMILY = "1,2";
			};
			name = Debug;
		};
		E083D4C72D0C736000B6DB44 /* Release */ = {
			isa = XCBuildConfiguration;
			buildSettings = {
				ASSETCATALOG_COMPILER_APPICON_NAME = AppIcon;
				ASSETCATALOG_COMPILER_GLOBAL_ACCENT_COLOR_NAME = AccentColor;
				CODE_SIGN_STYLE = Automatic;
				CURRENT_PROJECT_VERSION = 1;
				DEVELOPMENT_ASSET_PATHS = "\"Kom/Preview Content\"";
				ENABLE_PREVIEWS = YES;
				GENERATE_INFOPLIST_FILE = YES;
				INFOPLIST_KEY_UIApplicationSceneManifest_Generation = YES;
				INFOPLIST_KEY_UIApplicationSupportsIndirectInputEvents = YES;
				INFOPLIST_KEY_UILaunchScreen_Generation = YES;
				INFOPLIST_KEY_UISupportedInterfaceOrientations_iPad = "UIInterfaceOrientationPortrait UIInterfaceOrientationPortraitUpsideDown UIInterfaceOrientationLandscapeLeft UIInterfaceOrientationLandscapeRight";
				INFOPLIST_KEY_UISupportedInterfaceOrientations_iPhone = "UIInterfaceOrientationPortrait UIInterfaceOrientationLandscapeLeft UIInterfaceOrientationLandscapeRight";
				LD_RUNPATH_SEARCH_PATHS = (
					"$(inherited)",
					"@executable_path/Frameworks",
				);
				MARKETING_VERSION = 1.0;
				PRODUCT_BUNDLE_IDENTIFIER = X.Kom;
				PRODUCT_NAME = "$(TARGET_NAME)";
				SWIFT_EMIT_LOC_STRINGS = YES;
				SWIFT_VERSION = 5.0;
				TARGETED_DEVICE_FAMILY = "1,2";
			};
			name = Release;
		};
		E083D4C92D0C736000B6DB44 /* Debug */ = {
			isa = XCBuildConfiguration;
			buildSettings = {
				ALWAYS_EMBED_SWIFT_STANDARD_LIBRARIES = YES;
				BUNDLE_LOADER = "$(TEST_HOST)";
				CODE_SIGN_STYLE = Automatic;
				CURRENT_PROJECT_VERSION = 1;
				GENERATE_INFOPLIST_FILE = YES;
				IPHONEOS_DEPLOYMENT_TARGET = 17.2;
				MARKETING_VERSION = 1.0;
				PRODUCT_BUNDLE_IDENTIFIER = X.KomTests;
				PRODUCT_NAME = "$(TARGET_NAME)";
				SWIFT_EMIT_LOC_STRINGS = NO;
				SWIFT_VERSION = 5.0;
				TARGETED_DEVICE_FAMILY = "1,2";
				TEST_HOST = "$(BUILT_PRODUCTS_DIR)/Kom.app/$(BUNDLE_EXECUTABLE_FOLDER_PATH)/Kom";
			};
			name = Debug;
		};
		E083D4CA2D0C736000B6DB44 /* Release */ = {
			isa = XCBuildConfiguration;
			buildSettings = {
				ALWAYS_EMBED_SWIFT_STANDARD_LIBRARIES = YES;
				BUNDLE_LOADER = "$(TEST_HOST)";
				CODE_SIGN_STYLE = Automatic;
				CURRENT_PROJECT_VERSION = 1;
				GENERATE_INFOPLIST_FILE = YES;
				IPHONEOS_DEPLOYMENT_TARGET = 17.2;
				MARKETING_VERSION = 1.0;
				PRODUCT_BUNDLE_IDENTIFIER = X.KomTests;
				PRODUCT_NAME = "$(TARGET_NAME)";
				SWIFT_EMIT_LOC_STRINGS = NO;
				SWIFT_VERSION = 5.0;
				TARGETED_DEVICE_FAMILY = "1,2";
				TEST_HOST = "$(BUILT_PRODUCTS_DIR)/Kom.app/$(BUNDLE_EXECUTABLE_FOLDER_PATH)/Kom";
			};
			name = Release;
		};
		E083D4CC2D0C736000B6DB44 /* Debug */ = {
			isa = XCBuildConfiguration;
			buildSettings = {
				ALWAYS_EMBED_SWIFT_STANDARD_LIBRARIES = YES;
				CODE_SIGN_STYLE = Automatic;
				CURRENT_PROJECT_VERSION = 1;
				GENERATE_INFOPLIST_FILE = YES;
				MARKETING_VERSION = 1.0;
				PRODUCT_BUNDLE_IDENTIFIER = X.KomUITests;
				PRODUCT_NAME = "$(TARGET_NAME)";
				SWIFT_EMIT_LOC_STRINGS = NO;
				SWIFT_VERSION = 5.0;
				TARGETED_DEVICE_FAMILY = "1,2";
				TEST_TARGET_NAME = Kom;
			};
			name = Debug;
		};
		E083D4CD2D0C736000B6DB44 /* Release */ = {
			isa = XCBuildConfiguration;
			buildSettings = {
				ALWAYS_EMBED_SWIFT_STANDARD_LIBRARIES = YES;
				CODE_SIGN_STYLE = Automatic;
				CURRENT_PROJECT_VERSION = 1;
				GENERATE_INFOPLIST_FILE = YES;
				MARKETING_VERSION = 1.0;
				PRODUCT_BUNDLE_IDENTIFIER = X.KomUITests;
				PRODUCT_NAME = "$(TARGET_NAME)";
				SWIFT_EMIT_LOC_STRINGS = NO;
				SWIFT_VERSION = 5.0;
				TARGETED_DEVICE_FAMILY = "1,2";
				TEST_TARGET_NAME = Kom;
			};
			name = Release;
		};
/* End XCBuildConfiguration section */

/* Begin XCConfigurationList section */
		E083D4972D0C735E00B6DB44 /* Build configuration list for PBXProject "Kom" */ = {
			isa = XCConfigurationList;
			buildConfigurations = (
				E083D4C32D0C736000B6DB44 /* Debug */,
				E083D4C42D0C736000B6DB44 /* Release */,
			);
			defaultConfigurationIsVisible = 0;
			defaultConfigurationName = Release;
		};
		E083D4C52D0C736000B6DB44 /* Build configuration list for PBXNativeTarget "Kom" */ = {
			isa = XCConfigurationList;
			buildConfigurations = (
				E083D4C62D0C736000B6DB44 /* Debug */,
				E083D4C72D0C736000B6DB44 /* Release */,
			);
			defaultConfigurationIsVisible = 0;
			defaultConfigurationName = Release;
		};
		E083D4C82D0C736000B6DB44 /* Build configuration list for PBXNativeTarget "KomTests" */ = {
			isa = XCConfigurationList;
			buildConfigurations = (
				E083D4C92D0C736000B6DB44 /* Debug */,
				E083D4CA2D0C736000B6DB44 /* Release */,
			);
			defaultConfigurationIsVisible = 0;
			defaultConfigurationName = Release;
		};
		E083D4CB2D0C736000B6DB44 /* Build configuration list for PBXNativeTarget "KomUITests" */ = {
			isa = XCConfigurationList;
			buildConfigurations = (
				E083D4CC2D0C736000B6DB44 /* Debug */,
				E083D4CD2D0C736000B6DB44 /* Release */,
			);
			defaultConfigurationIsVisible = 0;
			defaultConfigurationName = Release;
		};
/* End XCConfigurationList section */

/* Begin XCVersionGroup section */
		E083D4AA2D0C736000B6DB44 /* Kom.xcdatamodeld */ = {
			isa = XCVersionGroup;
			children = (
				E083D4AB2D0C736000B6DB44 /* Kom.xcdatamodel */,
			);
			currentVersion = E083D4AB2D0C736000B6DB44 /* Kom.xcdatamodel */;
			path = Kom.xcdatamodeld;
			sourceTree = "<group>";
			versionGroupType = wrapper.xcdatamodel;
		};
/* End XCVersionGroup section */
	};
	rootObject = E083D4942D0C735E00B6DB44 /* Project object */;
}
